# This file is generated by running "yarn install" inside your project.
# Manual changes might be lost - proceed with caution!

__metadata:
  version: 6
  cacheKey: 8

"caddyfile-language-server@workspace:.":
  version: 0.0.0-use.local
  resolution: "caddyfile-language-server@workspace:."
  dependencies:
    vscode-languageserver: 6.1.1
    vscode-languageserver-textdocument: 1.0.7
  languageName: unknown
  linkType: soft

"vscode-jsonrpc@npm:^5.0.1":
  version: 5.0.1
  resolution: "vscode-jsonrpc@npm:5.0.1"
  checksum: a9188774d8d9ceb4e0d2215aa71bd85bb9f4e1129d5decfda74587e791c6a2b532b2e0026931b45c52087c328429be6510ef841e203293ede7ed4114bb596cd0
  languageName: node
  linkType: hard

"vscode-languageserver-protocol@npm:^3.15.3":
  version: 3.15.3
  resolution: "vscode-languageserver-protocol@npm:3.15.3"
  dependencies:
    vscode-jsonrpc: ^5.0.1
    vscode-languageserver-types: 3.15.1
  checksum: 9344f2d8b5855c4b09cbb59eef8366b750ec02212eb365af1772dd6dba970de0aac7b75332d90466bc29ce878b3f79a55a78b39cab6451ebf690f616918a9d3e
  languageName: node
  linkType: hard

"vscode-languageserver-textdocument@npm:1.0.7":
  version: 1.0.7
  resolution: "vscode-languageserver-textdocument@npm:1.0.7"
  checksum: 6018a8b2c87aeb6441419431909e9161e9659d214814193b029ca2b30d8b097d23538e4930942ef78f1440f52c57a93f7597144736b79ba1abd9f1a53c2ffbc0
  languageName: node
  linkType: hard

"vscode-languageserver-types@npm:3.15.1":
  version: 3.15.1
  resolution: "vscode-languageserver-types@npm:3.15.1"
  checksum: 28c1cb0d5b7ad7c719015a6eb5f774c000fe68c41bbd4a3fd0cbe6d862f27eec075d6bfb14c9d86c22d0e8711c2df8194295bf1e7d6ac0c359cab348c5e14887
  languageName: node
  linkType: hard

"vscode-languageserver@npm:6.1.1":
  version: 6.1.1
  resolution: "vscode-languageserver@npm:6.1.1"
  dependencies:
    vscode-languageserver-protocol: ^3.15.3
  bin:
    installServerIntoExtension: ./bin/installServerIntoExtension
  checksum: 6b1b7376d4b00333bc02185801e7fe888f7314bba10d2f5b38fb3ffe869c2699ad9c241a7cd4ce00f76176712c0a35453f42704c34c81428553b78661552d811
  languageName: node
  linkType: hard
